// !$*UTF8*$!
{
	archiveVersion = 1;
	classes = {
	};
	objectVersion = 46;
	objects = {

/* Begin PBXBuildFile section */
		86B9432B1B1ADEFB00634597 /* main.m in Sources */ = {isa = PBXBuildFile; fileRef = 86B9432A1B1ADEFB00634597 /* main.m */; };
		86B9432E1B1ADEFB00634597 /* AppDelegate.m in Sources */ = {isa = PBXBuildFile; fileRef = 86B9432D1B1ADEFB00634597 /* AppDelegate.m */; };
		86B943311B1ADEFB00634597 /* ViewController.m in Sources */ = {isa = PBXBuildFile; fileRef = 86B943301B1ADEFB00634597 /* ViewController.m */; };
		86B943341B1ADEFB00634597 /* Main.storyboard in Resources */ = {isa = PBXBuildFile; fileRef = 86B943321B1ADEFB00634597 /* Main.storyboard */; };
		86B943361B1ADEFB00634597 /* Images.xcassets in Resources */ = {isa = PBXBuildFile; fileRef = 86B943351B1ADEFB00634597 /* Images.xcassets */; };
		86B943391B1ADEFB00634597 /* LaunchScreen.xib in Resources */ = {isa = PBXBuildFile; fileRef = 86B943371B1ADEFB00634597 /* LaunchScreen.xib */; };
		86B943451B1ADEFB00634597 /* CCHeroEditTests.m in Sources */ = {isa = PBXBuildFile; fileRef = 86B943441B1ADEFB00634597 /* CCHeroEditTests.m */; };
		86B9434F1B1ADF1800634597 /* heros.plist in Resources */ = {isa = PBXBuildFile; fileRef = 86B9434E1B1ADF1800634597 /* heros.plist */; };
		86B943521B1ADF2800634597 /* HeroModel.m in Sources */ = {isa = PBXBuildFile; fileRef = 86B943511B1ADF2800634597 /* HeroModel.m */; };
/* End PBXBuildFile section */

/* Begin PBXContainerItemProxy section */
		86B9433F1B1ADEFB00634597 /* PBXContainerItemProxy */ = {
			isa = PBXContainerItemProxy;
			containerPortal = 86B9431D1B1ADEFA00634597 /* Project object */;
			proxyType = 1;
			remoteGlobalIDString = 86B943241B1ADEFA00634597;
			remoteInfo = CCHeroEdit;
		};
/* End PBXContainerItemProxy section */

/* Begin PBXFileReference section */
		86B8552F1B2D32F400ACFE47 /* zh-Hans */ = {isa = PBXFileReference; lastKnownFileType = text.plist.strings; name = "zh-Hans"; path = "zh-Hans.lproj/LaunchScreen.strings"; sourceTree = "<group>"; };
		86B943251B1ADEFB00634597 /* CCHeroEdit.app */ = {isa = PBXFileReference; explicitFileType = wrapper.application; includeInIndex = 0; path = CCHeroEdit.app; sourceTree = BUILT_PRODUCTS_DIR; };
		86B943291B1ADEFB00634597 /* Info.plist */ = {isa = PBXFileReference; lastKnownFileType = text.plist.xml; path = Info.plist; sourceTree = "<group>"; };
		86B9432A1B1ADEFB00634597 /* main.m */ = {isa = PBXFileReference; lastKnownFileType = sourcecode.c.objc; path = main.m; sourceTree = "<group>"; };
		86B9432C1B1ADEFB00634597 /* AppDelegate.h */ = {isa = PBXFileReference; lastKnownFileType = sourcecode.c.h; path = AppDelegate.h; sourceTree = "<group>"; };
		86B9432D1B1ADEFB00634597 /* AppDelegate.m */ = {isa = PBXFileReference; lastKnownFileType = sourcecode.c.objc; path = AppDelegate.m; sourceTree = "<group>"; };
		86B9432F1B1ADEFB00634597 /* ViewController.h */ = {isa = PBXFileReference; lastKnownFileType = sourcecode.c.h; path = ViewController.h; sourceTree = "<group>"; };
		86B943301B1ADEFB00634597 /* ViewController.m */ = {isa = PBXFileReference; lastKnownFileType = sourcecode.c.objc; path = ViewController.m; sourceTree = "<group>"; };
		86B943331B1ADEFB00634597 /* Base */ = {isa = PBXFileReference; lastKnownFileType = file.storyboard; name = Base; path = Base.lproj/Main.storyboard; sourceTree = "<group>"; };
		86B943351B1ADEFB00634597 /* Images.xcassets */ = {isa = PBXFileReference; lastKnownFileType = folder.assetcatalog; path = Images.xcassets; sourceTree = "<group>"; };
		86B943381B1ADEFB00634597 /* Base */ = {isa = PBXFileReference; lastKnownFileType = file.xib; name = Base; path = Base.lproj/LaunchScreen.xib; sourceTree = "<group>"; };
		86B9433E1B1ADEFB00634597 /* CCHeroEditTests.xctest */ = {isa = PBXFileReference; explicitFileType = wrapper.cfbundle; includeInIndex = 0; path = CCHeroEditTests.xctest; sourceTree = BUILT_PRODUCTS_DIR; };
		86B943431B1ADEFB00634597 /* Info.plist */ = {isa = PBXFileReference; lastKnownFileType = text.plist.xml; path = Info.plist; sourceTree = "<group>"; };
		86B943441B1ADEFB00634597 /* CCHeroEditTests.m */ = {isa = PBXFileReference; lastKnownFileType = sourcecode.c.objc; path = CCHeroEditTests.m; sourceTree = "<group>"; };
		86B9434E1B1ADF1800634597 /* heros.plist */ = {isa = PBXFileReference; fileEncoding = 4; lastKnownFileType = text.plist.xml; path = heros.plist; sourceTree = "<group>"; };
		86B943501B1ADF2800634597 /* HeroModel.h */ = {isa = PBXFileReference; fileEncoding = 4; lastKnownFileType = sourcecode.c.h; path = HeroModel.h; sourceTree = "<group>"; };
		86B943511B1ADF2800634597 /* HeroModel.m */ = {isa = PBXFileReference; fileEncoding = 4; lastKnownFileType = sourcecode.c.objc; path = HeroModel.m; sourceTree = "<group>"; };
/* End PBXFileReference section */

/* Begin PBXFrameworksBuildPhase section */
		86B943221B1ADEFA00634597 /* Frameworks */ = {
			isa = PBXFrameworksBuildPhase;
			buildActionMask = 2147483647;
			files = (
			);
			runOnlyForDeploymentPostprocessing = 0;
		};
		86B9433B1B1ADEFB00634597 /* Frameworks */ = {
			isa = PBXFrameworksBuildPhase;
			buildActionMask = 2147483647;
			files = (
			);
			runOnlyForDeploymentPostprocessing = 0;
		};
/* End PBXFrameworksBuildPhase section */

/* Begin PBXGroup section */
		86B9431C1B1ADEFA00634597 = {
			isa = PBXGroup;
			children = (
				86B943271B1ADEFB00634597 /* CCHeroEdit */,
				86B943411B1ADEFB00634597 /* CCHeroEditTests */,
				86B943261B1ADEFB00634597 /* Products */,
			);
			sourceTree = "<group>";
		};
		86B943261B1ADEFB00634597 /* Products */ = {
			isa = PBXGroup;
			children = (
				86B943251B1ADEFB00634597 /* CCHeroEdit.app */,
				86B9433E1B1ADEFB00634597 /* CCHeroEditTests.xctest */,
			);
			name = Products;
			sourceTree = "<group>";
		};
		86B943271B1ADEFB00634597 /* CCHeroEdit */ = {
			isa = PBXGroup;
			children = (
				86B9A3C71B1CCFED00CB3377 /* Classes */,
				86B943281B1ADEFB00634597 /* Supporting Files */,
			);
			path = CCHeroEdit;
			sourceTree = "<group>";
		};
		86B943281B1ADEFB00634597 /* Supporting Files */ = {
			isa = PBXGroup;
			children = (
				86B943321B1ADEFB00634597 /* Main.storyboard */,
				86B943351B1ADEFB00634597 /* Images.xcassets */,
				86B943371B1ADEFB00634597 /* LaunchScreen.xib */,
				86B943291B1ADEFB00634597 /* Info.plist */,
				86B9434E1B1ADF1800634597 /* heros.plist */,
				86B9432A1B1ADEFB00634597 /* main.m */,
			);
			name = "Supporting Files";
			sourceTree = "<group>";
		};
		86B943411B1ADEFB00634597 /* CCHeroEditTests */ = {
			isa = PBXGroup;
			children = (
				86B943441B1ADEFB00634597 /* CCHeroEditTests.m */,
				86B943421B1ADEFB00634597 /* Supporting Files */,
			);
			path = CCHeroEditTests;
			sourceTree = "<group>";
		};
		86B943421B1ADEFB00634597 /* Supporting Files */ = {
			isa = PBXGroup;
			children = (
				86B943431B1ADEFB00634597 /* Info.plist */,
			);
			name = "Supporting Files";
			sourceTree = "<group>";
		};
		86B9A3C71B1CCFED00CB3377 /* Classes */ = {
			isa = PBXGroup;
			children = (
				86B9A3CA1B1CD00700CB3377 /* Models */,
				86B9A3C91B1CCFFA00CB3377 /* Controllers */,
				86B9A3C81B1CCFF400CB3377 /* Others */,
			);
			name = Classes;
			sourceTree = "<group>";
		};
		86B9A3C81B1CCFF400CB3377 /* Others */ = {
			isa = PBXGroup;
			children = (
				86B9432C1B1ADEFB00634597 /* AppDelegate.h */,
				86B9432D1B1ADEFB00634597 /* AppDelegate.m */,
			);
			name = Others;
			sourceTree = "<group>";
		};
		86B9A3C91B1CCFFA00CB3377 /* Controllers */ = {
			isa = PBXGroup;
			children = (
				86B9432F1B1ADEFB00634597 /* ViewController.h */,
				86B943301B1ADEFB00634597 /* ViewController.m */,
			);
			name = Controllers;
			sourceTree = "<group>";
		};
		86B9A3CA1B1CD00700CB3377 /* Models */ = {
			isa = PBXGroup;
			children = (
				86B943501B1ADF2800634597 /* HeroModel.h */,
				86B943511B1ADF2800634597 /* HeroModel.m */,
			);
			name = Models;
			sourceTree = "<group>";
		};
/* End PBXGroup section */

/* Begin PBXNativeTarget section */
		86B943241B1ADEFA00634597 /* CCHeroEdit */ = {
			isa = PBXNativeTarget;
			buildConfigurationList = 86B943481B1ADEFB00634597 /* Build configuration list for PBXNativeTarget "CCHeroEdit" */;
			buildPhases = (
				86B943211B1ADEFA00634597 /* Sources */,
				86B943221B1ADEFA00634597 /* Frameworks */,
				86B943231B1ADEFA00634597 /* Resources */,
			);
			buildRules = (
			);
			dependencies = (
			);
			name = CCHeroEdit;
			productName = CCHeroEdit;
			productReference = 86B943251B1ADEFB00634597 /* CCHeroEdit.app */;
			productType = "com.apple.product-type.application";
		};
		86B9433D1B1ADEFB00634597 /* CCHeroEditTests */ = {
			isa = PBXNativeTarget;
			buildConfigurationList = 86B9434B1B1ADEFB00634597 /* Build configuration list for PBXNativeTarget "CCHeroEditTests" */;
			buildPhases = (
				86B9433A1B1ADEFB00634597 /* Sources */,
				86B9433B1B1ADEFB00634597 /* Frameworks */,
				86B9433C1B1ADEFB00634597 /* Resources */,
			);
			buildRules = (
			);
			dependencies = (
				86B943401B1ADEFB00634597 /* PBXTargetDependency */,
			);
			name = CCHeroEditTests;
			productName = CCHeroEditTests;
			productReference = 86B9433E1B1ADEFB00634597 /* CCHeroEditTests.xctest */;
			productType = "com.apple.product-type.bundle.unit-test";
		};
/* End PBXNativeTarget section */

/* Begin PBXProject section */
		86B9431D1B1ADEFA00634597 /* Project object */ = {
			isa = PBXProject;
			attributes = {
				LastUpgradeCheck = 0630;
				ORGANIZATIONNAME = "Chen Chen";
				TargetAttributes = {
					86B943241B1ADEFA00634597 = {
						CreatedOnToolsVersion = 6.3.1;
					};
					86B9433D1B1ADEFB00634597 = {
						CreatedOnToolsVersion = 6.3.1;
						TestTargetID = 86B943241B1ADEFA00634597;
					};
				};
			};
			buildConfigurationList = 86B943201B1ADEFA00634597 /* Build configuration list for PBXProject "CCHeroEdit" */;
			compatibilityVersion = "Xcode 3.2";
			developmentRegion = English;
			hasScannedForEncodings = 0;
			knownRegions = (
				en,
				Base,
			);
			mainGroup = 86B9431C1B1ADEFA00634597;
			productRefGroup = 86B943261B1ADEFB00634597 /* Products */;
			projectDirPath = "";
			projectRoot = "";
			targets = (
				86B943241B1ADEFA00634597 /* CCHeroEdit */,
				86B9433D1B1ADEFB00634597 /* CCHeroEditTests */,
			);
		};
/* End PBXProject section */

/* Begin PBXResourcesBuildPhase section */
		86B943231B1ADEFA00634597 /* Resources */ = {
			isa = PBXResourcesBuildPhase;
			buildActionMask = 2147483647;
			files = (
				86B943341B1ADEFB00634597 /* Main.storyboard in Resources */,
				86B943391B1ADEFB00634597 /* LaunchScreen.xib in Resources */,
				86B9434F1B1ADF1800634597 /* heros.plist in Resources */,
				86B943361B1ADEFB00634597 /* Images.xcassets in Resources */,
			);
			runOnlyForDeploymentPostprocessing = 0;
		};
		86B9433C1B1ADEFB00634597 /* Resources */ = {
			isa = PBXResourcesBuildPhase;
			buildActionMask = 2147483647;
			files = (
			);
			runOnlyForDeploymentPostprocessing = 0;
		};
/* End PBXResourcesBuildPhase section */

/* Begin PBXSourcesBuildPhase section */
		86B943211B1ADEFA00634597 /* Sources */ = {
			isa = PBXSourcesBuildPhase;
			buildActionMask = 2147483647;
			files = (
				86B943311B1ADEFB00634597 /* ViewController.m in Sources */,
				86B943521B1ADF2800634597 /* HeroModel.m in Sources */,
				86B9432E1B1ADEFB00634597 /* AppDelegate.m in Sources */,
				86B9432B1B1ADEFB00634597 /* main.m in Sources */,
			);
			runOnlyForDeploymentPostprocessing = 0;
		};
		86B9433A1B1ADEFB00634597 /* Sources */ = {
			isa = PBXSourcesBuildPhase;
			buildActionMask = 2147483647;
			files = (
				86B943451B1ADEFB00634597 /* CCHeroEditTests.m in Sources */,
			);
			runOnlyForDeploymentPostprocessing = 0;
		};
/* End PBXSourcesBuildPhase section */

/* Begin PBXTargetDependency section */
		86B943401B1ADEFB00634597 /* PBXTargetDependency */ = {
			isa = PBXTargetDependency;
			target = 86B943241B1ADEFA00634597 /* CCHeroEdit */;
			targetProxy = 86B9433F1B1ADEFB00634597 /* PBXContainerItemProxy */;
		};
/* End PBXTargetDependency section */

/* Begin PBXVariantGroup section */
		86B943321B1ADEFB00634597 /* Main.storyboard */ = {
			isa = PBXVariantGroup;
			children = (
				86B943331B1ADEFB00634597 /* Base */,
			);
			name = Main.storyboard;
			sourceTree = "<group>";
		};
		86B943371B1ADEFB00634597 /* LaunchScreen.xib */ = {
			isa = PBXVariantGroup;
			children = (
				86B943381B1ADEFB00634597 /* Base */,
				86B8552F1B2D32F400ACFE47 /* zh-Hans */,
			);
			name = LaunchScreen.xib;
			sourceTree = "<group>";
		};
/* End PBXVariantGroup section */

/* Begin XCBuildConfiguration section */
		86B943461B1ADEFB00634597 /* Debug */ = {
			isa = XCBuildConfiguration;
			buildSettings = {
				ALWAYS_SEARCH_USER_PATHS = NO;
				CLANG_CXX_LANGUAGE_STANDARD = "gnu++0x";
				CLANG_CXX_LIBRARY = "libc++";
				CLANG_ENABLE_MODULES = YES;
				CLANG_ENABLE_OBJC_ARC = YES;
				CLANG_WARN_BOOL_CONVERSION = YES;
				CLANG_WARN_CONSTANT_CONVERSION = YES;
				CLANG_WARN_DIRECT_OBJC_ISA_USAGE = YES_ERROR;
				CLANG_WARN_EMPTY_BODY = YES;
				CLANG_WARN_ENUM_CONVERSION = YES;
				CLANG_WARN_INT_CONVERSION = YES;
				CLANG_WARN_OBJC_ROOT_CLASS = YES_ERROR;
				CLANG_WARN_UNREACHABLE_CODE = YES;
				CLANG_WARN__DUPLICATE_METHOD_MATCH = YES;
				"CODE_SIGN_IDENTITY[sdk=iphoneos*]" = "iPhone Developer";
				COPY_PHASE_STRIP = NO;
				DEBUG_INFORMATION_FORMAT = "dwarf-with-dsym";
				ENABLE_STRICT_OBJC_MSGSEND = YES;
				GCC_C_LANGUAGE_STANDARD = gnu99;
				GCC_DYNAMIC_NO_PIC = NO;
				GCC_NO_COMMON_BLOCKS = YES;
				GCC_OPTIMIZATION_LEVEL = 0;
				GCC_PREPROCESSOR_DEFINITIONS = (
					"DEBUG=1",
					"$(inherited)",
				);
				GCC_SYMBOLS_PRIVATE_EXTERN = NO;
				GCC_WARN_64_TO_32_BIT_CONVERSION = YES;
				GCC_WARN_ABOUT_RETURN_TYPE = YES_ERROR;
				GCC_WARN_UNDECLARED_SELECTOR = YES;
				GCC_WARN_UNINITIALIZED_AUTOS = YES_AGGRESSIVE;
				GCC_WARN_UNUSED_FUNCTION = YES;
				GCC_WARN_UNUSED_VARIABLE = YES;
				IPHONEOS_DEPLOYMENT_TARGET = 8.3;
				MTL_ENABLE_DEBUG_INFO = YES;
				ONLY_ACTIVE_ARCH = YES;
				SDKROOT = iphoneos;
			};
			name = Debug;
		};
		86B943471B1ADEFB00634597 /* Release */ = {
			isa = XCBuildConfiguration;
			buildSettings = {
				ALWAYS_SEARCH_USER_PATHS = NO;
				CLANG_CXX_LANGUAGE_STANDARD = "gnu++0x";
				CLANG_CXX_LIBRARY = "libc++";
				CLANG_ENABLE_MODULES = YES;
				CLANG_ENABLE_OBJC_ARC = YES;
				CLANG_WARN_BOOL_CONVERSION = YES;
				CLANG_WARN_CONSTANT_CONVERSION = YES;
				CLANG_WARN_DIRECT_OBJC_ISA_USAGE = YES_ERROR;
				CLANG_WARN_EMPTY_BODY = YES;
				CLANG_WARN_ENUM_CONVERSION = YES;
				CLANG_WARN_INT_CONVERSION = YES;
				CLANG_WARN_OBJC_ROOT_CLASS = YES_ERROR;
				CLANG_WARN_UNREACHABLE_CODE = YES;
				CLANG_WARN__DUPLICATE_METHOD_MATCH = YES;
				"CODE_SIGN_IDENTITY[sdk=iphoneos*]" = "iPhone Developer";
				COPY_PHASE_STRIP = NO;
				DEBUG_INFORMATION_FORMAT = "dwarf-with-dsym";
				ENABLE_NS_ASSERTIONS = NO;
				ENABLE_STRICT_OBJC_MSGSEND = YES;
				GCC_C_LANGUAGE_STANDARD = gnu99;
				GCC_NO_COMMON_BLOCKS = YES;
				GCC_WARN_64_TO_32_BIT_CONVERSION = YES;
				GCC_WARN_ABOUT_RETURN_TYPE = YES_ERROR;
				GCC_WARN_UNDECLARED_SELECTOR = YES;
				GCC_WARN_UNINITIALIZED_AUTOS = YES_AGGRESSIVE;
				GCC_WARN_UNUSED_FUNCTION = YES;
				GCC_WARN_UNUSED_VARIABLE = YES;
				IPHONEOS_DEPLOYMENT_TARGET = 8.3;
				MTL_ENABLE_DEBUG_INFO = NO;
				SDKROOT = iphoneos;
				VALIDATE_PRODUCT = YES;
			};
			name = Release;
		};
		86B943491B1ADEFB00634597 /* Debug */ = {
			isa = XCBuildConfiguration;
			buildSettings = {
				ASSETCATALOG_COMPILER_APPICON_NAME = AppIcon;
				INFOPLIST_FILE = CCHeroEdit/Info.plist;
				LD_RUNPATH_SEARCH_PATHS = "$(inherited) @executable_path/Frameworks";
				PRODUCT_NAME = "$(TARGET_NAME)";
			};
			name = Debug;
		};
		86B9434A1B1ADEFB00634597 /* Release */ = {
			isa = XCBuildConfiguration;
			buildSettings = {
				ASSETCATALOG_COMPILER_APPICON_NAME = AppIcon;
				INFOPLIST_FILE = CCHeroEdit/Info.plist;
				LD_RUNPATH_SEARCH_PATHS = "$(inherited) @executable_path/Frameworks";
				PRODUCT_NAME = "$(TARGET_NAME)";
			};
			name = Release;
		};
		86B9434C1B1ADEFB00634597 /* Debug */ = {
			isa = XCBuildConfiguration;
			buildSettings = {
				BUNDLE_LOADER = "$(TEST_HOST)";
				FRAMEWORK_SEARCH_PATHS = (
					"$(SDKROOT)/Developer/Library/Frameworks",
					"$(inherited)",
				);
				GCC_PREPROCESSOR_DEFINITIONS = (
					"DEBUG=1",
					"$(inherited)",
				);
				INFOPLIST_FILE = CCHeroEditTests/Info.plist;
				LD_RUNPATH_SEARCH_PATHS = "$(inherited) @executable_path/Frameworks @loader_path/Frameworks";
				PRODUCT_NAME = "$(TARGET_NAME)";
				TEST_HOST = "$(BUILT_PRODUCTS_DIR)/CCHeroEdit.app/CCHeroEdit";
			};
			name = Debug;
		};
		86B9434D1B1ADEFB00634597 /* Release */ = {
			isa = XCBuildConfiguration;
			buildSettings = {
				BUNDLE_LOADER = "$(TEST_HOST)";
				FRAMEWORK_SEARCH_PATHS = (
					"$(SDKROOT)/Developer/Library/Frameworks",
					"$(inherited)",
				);
				INFOPLIST_FILE = CCHeroEditTests/Info.plist;
				LD_RUNPATH_SEARCH_PATHS = "$(inherited) @executable_path/Frameworks @loader_path/Frameworks";
				PRODUCT_NAME = "$(TARGET_NAME)";
				TEST_HOST = "$(BUILT_PRODUCTS_DIR)/CCHeroEdit.app/CCHeroEdit";
			};
			name = Release;
		};
/* End XCBuildConfiguration section */

/* Begin XCConfigurationList section */
		86B943201B1ADEFA00634597 /* Build configuration list for PBXProject "CCHeroEdit" */ = {
			isa = XCConfigurationList;
			buildConfigurations = (
				86B943461B1ADEFB00634597 /* Debug */,
				86B943471B1ADEFB00634597 /* Release */,
			);
			defaultConfigurationIsVisible = 0;
			defaultConfigurationName = Release;
		};
		86B943481B1ADEFB00634597 /* Build configuration list for PBXNativeTarget "CCHeroEdit" */ = {
			isa = XCConfigurationList;
			buildConfigurations = (
				86B943491B1ADEFB00634597 /* Debug */,
				86B9434A1B1ADEFB00634597 /* Release */,
			);
			defaultConfigurationIsVisible = 0;
			defaultConfigurationName = Release;
		};
		86B9434B1B1ADEFB00634597 /* Build configuration list for PBXNativeTarget "CCHeroEditTests" */ = {
			isa = XCConfigurationList;
			buildConfigurations = (
				86B9434C1B1ADEFB00634597 /* Debug */,
				86B9434D1B1ADEFB00634597 /* Release */,
			);
			defaultConfigurationIsVisible = 0;
			defaultConfigurationName = Release;
		};
/* End XCConfigurationList section */
	};
	rootObject = 86B9431D1B1ADEFA00634597 /* Project object */;
}
