// !$*UTF8*$!
{
	archiveVersion = 1;
	classes = {
	};
	objectVersion = 46;
	objects = {

/* Begin PBXBuildFile section */
		8691A7601AE29FF700E5713B /* main.m in Sources */ = {isa = PBXBuildFile; fileRef = 8691A75F1AE29FF700E5713B /* main.m */; };
		8691A7631AE29FF700E5713B /* AppDelegate.m in Sources */ = {isa = PBXBuildFile; fileRef = 8691A7621AE29FF700E5713B /* AppDelegate.m */; };
		8691A7661AE29FF700E5713B /* ViewController.m in Sources */ = {isa = PBXBuildFile; fileRef = 8691A7651AE29FF700E5713B /* ViewController.m */; };
		8691A7691AE29FF700E5713B /* Main.storyboard in Resources */ = {isa = PBXBuildFile; fileRef = 8691A7671AE29FF700E5713B /* Main.storyboard */; };
		8691A76B1AE29FF700E5713B /* Images.xcassets in Resources */ = {isa = PBXBuildFile; fileRef = 8691A76A1AE29FF700E5713B /* Images.xcassets */; };
		8691A76E1AE29FF700E5713B /* LaunchScreen.xib in Resources */ = {isa = PBXBuildFile; fileRef = 8691A76C1AE29FF700E5713B /* LaunchScreen.xib */; };
		8691A77A1AE29FF700E5713B /* CCDictionReaderTests.m in Sources */ = {isa = PBXBuildFile; fileRef = 8691A7791AE29FF700E5713B /* CCDictionReaderTests.m */; };
/* End PBXBuildFile section */

/* Begin PBXContainerItemProxy section */
		8691A7741AE29FF700E5713B /* PBXContainerItemProxy */ = {
			isa = PBXContainerItemProxy;
			containerPortal = 8691A7521AE29FF700E5713B /* Project object */;
			proxyType = 1;
			remoteGlobalIDString = 8691A7591AE29FF700E5713B;
			remoteInfo = CCDictionReader;
		};
/* End PBXContainerItemProxy section */

/* Begin PBXFileReference section */
		8691A75A1AE29FF700E5713B /* CCDictionReader.app */ = {isa = PBXFileReference; explicitFileType = wrapper.application; includeInIndex = 0; path = CCDictionReader.app; sourceTree = BUILT_PRODUCTS_DIR; };
		8691A75E1AE29FF700E5713B /* Info.plist */ = {isa = PBXFileReference; lastKnownFileType = text.plist.xml; path = Info.plist; sourceTree = "<group>"; };
		8691A75F1AE29FF700E5713B /* main.m */ = {isa = PBXFileReference; lastKnownFileType = sourcecode.c.objc; path = main.m; sourceTree = "<group>"; };
		8691A7611AE29FF700E5713B /* AppDelegate.h */ = {isa = PBXFileReference; lastKnownFileType = sourcecode.c.h; path = AppDelegate.h; sourceTree = "<group>"; };
		8691A7621AE29FF700E5713B /* AppDelegate.m */ = {isa = PBXFileReference; lastKnownFileType = sourcecode.c.objc; path = AppDelegate.m; sourceTree = "<group>"; };
		8691A7641AE29FF700E5713B /* ViewController.h */ = {isa = PBXFileReference; lastKnownFileType = sourcecode.c.h; path = ViewController.h; sourceTree = "<group>"; };
		8691A7651AE29FF700E5713B /* ViewController.m */ = {isa = PBXFileReference; lastKnownFileType = sourcecode.c.objc; path = ViewController.m; sourceTree = "<group>"; };
		8691A7681AE29FF700E5713B /* Base */ = {isa = PBXFileReference; lastKnownFileType = file.storyboard; name = Base; path = Base.lproj/Main.storyboard; sourceTree = "<group>"; };
		8691A76A1AE29FF700E5713B /* Images.xcassets */ = {isa = PBXFileReference; lastKnownFileType = folder.assetcatalog; path = Images.xcassets; sourceTree = "<group>"; };
		8691A76D1AE29FF700E5713B /* Base */ = {isa = PBXFileReference; lastKnownFileType = file.xib; name = Base; path = Base.lproj/LaunchScreen.xib; sourceTree = "<group>"; };
		8691A7731AE29FF700E5713B /* CCDictionReaderTests.xctest */ = {isa = PBXFileReference; explicitFileType = wrapper.cfbundle; includeInIndex = 0; path = CCDictionReaderTests.xctest; sourceTree = BUILT_PRODUCTS_DIR; };
		8691A7781AE29FF700E5713B /* Info.plist */ = {isa = PBXFileReference; lastKnownFileType = text.plist.xml; path = Info.plist; sourceTree = "<group>"; };
		8691A7791AE29FF700E5713B /* CCDictionReaderTests.m */ = {isa = PBXFileReference; lastKnownFileType = sourcecode.c.objc; path = CCDictionReaderTests.m; sourceTree = "<group>"; };
/* End PBXFileReference section */

/* Begin PBXFrameworksBuildPhase section */
		8691A7571AE29FF700E5713B /* Frameworks */ = {
			isa = PBXFrameworksBuildPhase;
			buildActionMask = 2147483647;
			files = (
			);
			runOnlyForDeploymentPostprocessing = 0;
		};
		8691A7701AE29FF700E5713B /* Frameworks */ = {
			isa = PBXFrameworksBuildPhase;
			buildActionMask = 2147483647;
			files = (
			);
			runOnlyForDeploymentPostprocessing = 0;
		};
/* End PBXFrameworksBuildPhase section */

/* Begin PBXGroup section */
		8691A7511AE29FF700E5713B = {
			isa = PBXGroup;
			children = (
				8691A75C1AE29FF700E5713B /* CCDictionReader */,
				8691A7761AE29FF700E5713B /* CCDictionReaderTests */,
				8691A75B1AE29FF700E5713B /* Products */,
			);
			sourceTree = "<group>";
		};
		8691A75B1AE29FF700E5713B /* Products */ = {
			isa = PBXGroup;
			children = (
				8691A75A1AE29FF700E5713B /* CCDictionReader.app */,
				8691A7731AE29FF700E5713B /* CCDictionReaderTests.xctest */,
			);
			name = Products;
			sourceTree = "<group>";
		};
		8691A75C1AE29FF700E5713B /* CCDictionReader */ = {
			isa = PBXGroup;
			children = (
				86CD671F1B1CCF17006617B8 /* Classes */,
				8691A75D1AE29FF700E5713B /* Supporting Files */,
			);
			path = CCDictionReader;
			sourceTree = "<group>";
		};
		8691A75D1AE29FF700E5713B /* Supporting Files */ = {
			isa = PBXGroup;
			children = (
				8691A7671AE29FF700E5713B /* Main.storyboard */,
				8691A76A1AE29FF700E5713B /* Images.xcassets */,
				8691A76C1AE29FF700E5713B /* LaunchScreen.xib */,
				8691A75E1AE29FF700E5713B /* Info.plist */,
				8691A75F1AE29FF700E5713B /* main.m */,
			);
			name = "Supporting Files";
			sourceTree = "<group>";
		};
		8691A7761AE29FF700E5713B /* CCDictionReaderTests */ = {
			isa = PBXGroup;
			children = (
				8691A7791AE29FF700E5713B /* CCDictionReaderTests.m */,
				8691A7771AE29FF700E5713B /* Supporting Files */,
			);
			path = CCDictionReaderTests;
			sourceTree = "<group>";
		};
		8691A7771AE29FF700E5713B /* Supporting Files */ = {
			isa = PBXGroup;
			children = (
				8691A7781AE29FF700E5713B /* Info.plist */,
			);
			name = "Supporting Files";
			sourceTree = "<group>";
		};
		86CD671F1B1CCF17006617B8 /* Classes */ = {
			isa = PBXGroup;
			children = (
				86CD67211B1CCF23006617B8 /* Controllers */,
				86CD67201B1CCF1D006617B8 /* Others */,
			);
			name = Classes;
			sourceTree = "<group>";
		};
		86CD67201B1CCF1D006617B8 /* Others */ = {
			isa = PBXGroup;
			children = (
				8691A7611AE29FF700E5713B /* AppDelegate.h */,
				8691A7621AE29FF700E5713B /* AppDelegate.m */,
			);
			name = Others;
			sourceTree = "<group>";
		};
		86CD67211B1CCF23006617B8 /* Controllers */ = {
			isa = PBXGroup;
			children = (
				8691A7641AE29FF700E5713B /* ViewController.h */,
				8691A7651AE29FF700E5713B /* ViewController.m */,
			);
			name = Controllers;
			sourceTree = "<group>";
		};
/* End PBXGroup section */

/* Begin PBXNativeTarget section */
		8691A7591AE29FF700E5713B /* CCDictionReader */ = {
			isa = PBXNativeTarget;
			buildConfigurationList = 8691A77D1AE29FF700E5713B /* Build configuration list for PBXNativeTarget "CCDictionReader" */;
			buildPhases = (
				8691A7561AE29FF700E5713B /* Sources */,
				8691A7571AE29FF700E5713B /* Frameworks */,
				8691A7581AE29FF700E5713B /* Resources */,
			);
			buildRules = (
			);
			dependencies = (
			);
			name = CCDictionReader;
			productName = CCDictionReader;
			productReference = 8691A75A1AE29FF700E5713B /* CCDictionReader.app */;
			productType = "com.apple.product-type.application";
		};
		8691A7721AE29FF700E5713B /* CCDictionReaderTests */ = {
			isa = PBXNativeTarget;
			buildConfigurationList = 8691A7801AE29FF700E5713B /* Build configuration list for PBXNativeTarget "CCDictionReaderTests" */;
			buildPhases = (
				8691A76F1AE29FF700E5713B /* Sources */,
				8691A7701AE29FF700E5713B /* Frameworks */,
				8691A7711AE29FF700E5713B /* Resources */,
			);
			buildRules = (
			);
			dependencies = (
				8691A7751AE29FF700E5713B /* PBXTargetDependency */,
			);
			name = CCDictionReaderTests;
			productName = CCDictionReaderTests;
			productReference = 8691A7731AE29FF700E5713B /* CCDictionReaderTests.xctest */;
			productType = "com.apple.product-type.bundle.unit-test";
		};
/* End PBXNativeTarget section */

/* Begin PBXProject section */
		8691A7521AE29FF700E5713B /* Project object */ = {
			isa = PBXProject;
			attributes = {
				LastUpgradeCheck = 0630;
				ORGANIZATIONNAME = "Chen Chen";
				TargetAttributes = {
					8691A7591AE29FF700E5713B = {
						CreatedOnToolsVersion = 6.3;
					};
					8691A7721AE29FF700E5713B = {
						CreatedOnToolsVersion = 6.3;
						TestTargetID = 8691A7591AE29FF700E5713B;
					};
				};
			};
			buildConfigurationList = 8691A7551AE29FF700E5713B /* Build configuration list for PBXProject "CCDictionReader" */;
			compatibilityVersion = "Xcode 3.2";
			developmentRegion = English;
			hasScannedForEncodings = 0;
			knownRegions = (
				en,
				Base,
			);
			mainGroup = 8691A7511AE29FF700E5713B;
			productRefGroup = 8691A75B1AE29FF700E5713B /* Products */;
			projectDirPath = "";
			projectRoot = "";
			targets = (
				8691A7591AE29FF700E5713B /* CCDictionReader */,
				8691A7721AE29FF700E5713B /* CCDictionReaderTests */,
			);
		};
/* End PBXProject section */

/* Begin PBXResourcesBuildPhase section */
		8691A7581AE29FF700E5713B /* Resources */ = {
			isa = PBXResourcesBuildPhase;
			buildActionMask = 2147483647;
			files = (
				8691A7691AE29FF700E5713B /* Main.storyboard in Resources */,
				8691A76E1AE29FF700E5713B /* LaunchScreen.xib in Resources */,
				8691A76B1AE29FF700E5713B /* Images.xcassets in Resources */,
			);
			runOnlyForDeploymentPostprocessing = 0;
		};
		8691A7711AE29FF700E5713B /* Resources */ = {
			isa = PBXResourcesBuildPhase;
			buildActionMask = 2147483647;
			files = (
			);
			runOnlyForDeploymentPostprocessing = 0;
		};
/* End PBXResourcesBuildPhase section */

/* Begin PBXSourcesBuildPhase section */
		8691A7561AE29FF700E5713B /* Sources */ = {
			isa = PBXSourcesBuildPhase;
			buildActionMask = 2147483647;
			files = (
				8691A7661AE29FF700E5713B /* ViewController.m in Sources */,
				8691A7631AE29FF700E5713B /* AppDelegate.m in Sources */,
				8691A7601AE29FF700E5713B /* main.m in Sources */,
			);
			runOnlyForDeploymentPostprocessing = 0;
		};
		8691A76F1AE29FF700E5713B /* Sources */ = {
			isa = PBXSourcesBuildPhase;
			buildActionMask = 2147483647;
			files = (
				8691A77A1AE29FF700E5713B /* CCDictionReaderTests.m in Sources */,
			);
			runOnlyForDeploymentPostprocessing = 0;
		};
/* End PBXSourcesBuildPhase section */

/* Begin PBXTargetDependency section */
		8691A7751AE29FF700E5713B /* PBXTargetDependency */ = {
			isa = PBXTargetDependency;
			target = 8691A7591AE29FF700E5713B /* CCDictionReader */;
			targetProxy = 8691A7741AE29FF700E5713B /* PBXContainerItemProxy */;
		};
/* End PBXTargetDependency section */

/* Begin PBXVariantGroup section */
		8691A7671AE29FF700E5713B /* Main.storyboard */ = {
			isa = PBXVariantGroup;
			children = (
				8691A7681AE29FF700E5713B /* Base */,
			);
			name = Main.storyboard;
			sourceTree = "<group>";
		};
		8691A76C1AE29FF700E5713B /* LaunchScreen.xib */ = {
			isa = PBXVariantGroup;
			children = (
				8691A76D1AE29FF700E5713B /* Base */,
			);
			name = LaunchScreen.xib;
			sourceTree = "<group>";
		};
/* End PBXVariantGroup section */

/* Begin XCBuildConfiguration section */
		8691A77B1AE29FF700E5713B /* Debug */ = {
			isa = XCBuildConfiguration;
			buildSettings = {
				ALWAYS_SEARCH_USER_PATHS = NO;
				CLANG_CXX_LANGUAGE_STANDARD = "gnu++0x";
				CLANG_CXX_LIBRARY = "libc++";
				CLANG_ENABLE_MODULES = YES;
				CLANG_ENABLE_OBJC_ARC = YES;
				CLANG_WARN_BOOL_CONVERSION = YES;
				CLANG_WARN_CONSTANT_CONVERSION = YES;
				CLANG_WARN_DIRECT_OBJC_ISA_USAGE = YES_ERROR;
				CLANG_WARN_EMPTY_BODY = YES;
				CLANG_WARN_ENUM_CONVERSION = YES;
				CLANG_WARN_INT_CONVERSION = YES;
				CLANG_WARN_OBJC_ROOT_CLASS = YES_ERROR;
				CLANG_WARN_UNREACHABLE_CODE = YES;
				CLANG_WARN__DUPLICATE_METHOD_MATCH = YES;
				"CODE_SIGN_IDENTITY[sdk=iphoneos*]" = "iPhone Developer";
				COPY_PHASE_STRIP = NO;
				DEBUG_INFORMATION_FORMAT = "dwarf-with-dsym";
				ENABLE_STRICT_OBJC_MSGSEND = YES;
				GCC_C_LANGUAGE_STANDARD = gnu99;
				GCC_DYNAMIC_NO_PIC = NO;
				GCC_NO_COMMON_BLOCKS = YES;
				GCC_OPTIMIZATION_LEVEL = 0;
				GCC_PREPROCESSOR_DEFINITIONS = (
					"DEBUG=1",
					"$(inherited)",
				);
				GCC_SYMBOLS_PRIVATE_EXTERN = NO;
				GCC_WARN_64_TO_32_BIT_CONVERSION = YES;
				GCC_WARN_ABOUT_RETURN_TYPE = YES_ERROR;
				GCC_WARN_UNDECLARED_SELECTOR = YES;
				GCC_WARN_UNINITIALIZED_AUTOS = YES_AGGRESSIVE;
				GCC_WARN_UNUSED_FUNCTION = YES;
				GCC_WARN_UNUSED_VARIABLE = YES;
				IPHONEOS_DEPLOYMENT_TARGET = 8.3;
				MTL_ENABLE_DEBUG_INFO = YES;
				ONLY_ACTIVE_ARCH = YES;
				SDKROOT = iphoneos;
			};
			name = Debug;
		};
		8691A77C1AE29FF700E5713B /* Release */ = {
			isa = XCBuildConfiguration;
			buildSettings = {
				ALWAYS_SEARCH_USER_PATHS = NO;
				CLANG_CXX_LANGUAGE_STANDARD = "gnu++0x";
				CLANG_CXX_LIBRARY = "libc++";
				CLANG_ENABLE_MODULES = YES;
				CLANG_ENABLE_OBJC_ARC = YES;
				CLANG_WARN_BOOL_CONVERSION = YES;
				CLANG_WARN_CONSTANT_CONVERSION = YES;
				CLANG_WARN_DIRECT_OBJC_ISA_USAGE = YES_ERROR;
				CLANG_WARN_EMPTY_BODY = YES;
				CLANG_WARN_ENUM_CONVERSION = YES;
				CLANG_WARN_INT_CONVERSION = YES;
				CLANG_WARN_OBJC_ROOT_CLASS = YES_ERROR;
				CLANG_WARN_UNREACHABLE_CODE = YES;
				CLANG_WARN__DUPLICATE_METHOD_MATCH = YES;
				"CODE_SIGN_IDENTITY[sdk=iphoneos*]" = "iPhone Developer";
				COPY_PHASE_STRIP = NO;
				DEBUG_INFORMATION_FORMAT = "dwarf-with-dsym";
				ENABLE_NS_ASSERTIONS = NO;
				ENABLE_STRICT_OBJC_MSGSEND = YES;
				GCC_C_LANGUAGE_STANDARD = gnu99;
				GCC_NO_COMMON_BLOCKS = YES;
				GCC_WARN_64_TO_32_BIT_CONVERSION = YES;
				GCC_WARN_ABOUT_RETURN_TYPE = YES_ERROR;
				GCC_WARN_UNDECLARED_SELECTOR = YES;
				GCC_WARN_UNINITIALIZED_AUTOS = YES_AGGRESSIVE;
				GCC_WARN_UNUSED_FUNCTION = YES;
				GCC_WARN_UNUSED_VARIABLE = YES;
				IPHONEOS_DEPLOYMENT_TARGET = 8.3;
				MTL_ENABLE_DEBUG_INFO = NO;
				SDKROOT = iphoneos;
				VALIDATE_PRODUCT = YES;
			};
			name = Release;
		};
		8691A77E1AE29FF700E5713B /* Debug */ = {
			isa = XCBuildConfiguration;
			buildSettings = {
				ASSETCATALOG_COMPILER_APPICON_NAME = AppIcon;
				INFOPLIST_FILE = CCDictionReader/Info.plist;
				LD_RUNPATH_SEARCH_PATHS = "$(inherited) @executable_path/Frameworks";
				PRODUCT_NAME = "$(TARGET_NAME)";
			};
			name = Debug;
		};
		8691A77F1AE29FF700E5713B /* Release */ = {
			isa = XCBuildConfiguration;
			buildSettings = {
				ASSETCATALOG_COMPILER_APPICON_NAME = AppIcon;
				INFOPLIST_FILE = CCDictionReader/Info.plist;
				LD_RUNPATH_SEARCH_PATHS = "$(inherited) @executable_path/Frameworks";
				PRODUCT_NAME = "$(TARGET_NAME)";
			};
			name = Release;
		};
		8691A7811AE29FF700E5713B /* Debug */ = {
			isa = XCBuildConfiguration;
			buildSettings = {
				BUNDLE_LOADER = "$(TEST_HOST)";
				FRAMEWORK_SEARCH_PATHS = (
					"$(SDKROOT)/Developer/Library/Frameworks",
					"$(inherited)",
				);
				GCC_PREPROCESSOR_DEFINITIONS = (
					"DEBUG=1",
					"$(inherited)",
				);
				INFOPLIST_FILE = CCDictionReaderTests/Info.plist;
				LD_RUNPATH_SEARCH_PATHS = "$(inherited) @executable_path/Frameworks @loader_path/Frameworks";
				PRODUCT_NAME = "$(TARGET_NAME)";
				TEST_HOST = "$(BUILT_PRODUCTS_DIR)/CCDictionReader.app/CCDictionReader";
			};
			name = Debug;
		};
		8691A7821AE29FF700E5713B /* Release */ = {
			isa = XCBuildConfiguration;
			buildSettings = {
				BUNDLE_LOADER = "$(TEST_HOST)";
				FRAMEWORK_SEARCH_PATHS = (
					"$(SDKROOT)/Developer/Library/Frameworks",
					"$(inherited)",
				);
				INFOPLIST_FILE = CCDictionReaderTests/Info.plist;
				LD_RUNPATH_SEARCH_PATHS = "$(inherited) @executable_path/Frameworks @loader_path/Frameworks";
				PRODUCT_NAME = "$(TARGET_NAME)";
				TEST_HOST = "$(BUILT_PRODUCTS_DIR)/CCDictionReader.app/CCDictionReader";
			};
			name = Release;
		};
/* End XCBuildConfiguration section */

/* Begin XCConfigurationList section */
		8691A7551AE29FF700E5713B /* Build configuration list for PBXProject "CCDictionReader" */ = {
			isa = XCConfigurationList;
			buildConfigurations = (
				8691A77B1AE29FF700E5713B /* Debug */,
				8691A77C1AE29FF700E5713B /* Release */,
			);
			defaultConfigurationIsVisible = 0;
			defaultConfigurationName = Release;
		};
		8691A77D1AE29FF700E5713B /* Build configuration list for PBXNativeTarget "CCDictionReader" */ = {
			isa = XCConfigurationList;
			buildConfigurations = (
				8691A77E1AE29FF700E5713B /* Debug */,
				8691A77F1AE29FF700E5713B /* Release */,
			);
			defaultConfigurationIsVisible = 0;
			defaultConfigurationName = Release;
		};
		8691A7801AE29FF700E5713B /* Build configuration list for PBXNativeTarget "CCDictionReaderTests" */ = {
			isa = XCConfigurationList;
			buildConfigurations = (
				8691A7811AE29FF700E5713B /* Debug */,
				8691A7821AE29FF700E5713B /* Release */,
			);
			defaultConfigurationIsVisible = 0;
			defaultConfigurationName = Release;
		};
/* End XCConfigurationList section */
	};
	rootObject = 8691A7521AE29FF700E5713B /* Project object */;
}
